
Microsoft Visual Studio Solution File, Format Version 12.00
# Visual Studio 14
VisualStudioVersion = 14.0.25420.1
MinimumVisualStudioVersion = 10.0.40219.1
Project("{FAE04EC0-301F-11D3-BF4B-00C04F79EFBC}") = "VAV.Monitor", "VAV.Monitor\VAV.Monitor.csproj", "{8DB7C592-3D8C-4E52-A86F-2EFC506DD213}"
EndProject
Project("{FAE04EC0-301F-11D3-BF4B-00C04F79EFBC}") = "VAV.Scheduler", "VAV.Scheduler\VAV.Scheduler.csproj", "{1A9266A3-733F-4081-A857-748E08A1F881}"
EndProject
Project("{FAE04EC0-301F-11D3-BF4B-00C04F79EFBC}") = "VAVToolsEntities", "VAVToolsEntities\VAVToolsEntities.csproj", "{54B13031-A56E-4387-8256-CAB2C8C4551C}"
EndProject
Project("{FAE04EC0-301F-11D3-BF4B-00C04F79EFBC}") = "DataSync", "DataSync\DataSync.csproj", "{1EBB68CE-00F7-4558-84CA-DDF7545D4525}"
EndProject
Project("{FAE04EC0-301F-11D3-BF4B-00C04F79EFBC}") = "DataSync.Setting", "DataSync.Setting\DataSync.Setting.csproj", "{9F272130-070C-4B5C-BEE5-C26097FD8D0B}"
EndProject
Global
	GlobalSection(SolutionConfigurationPlatforms) = preSolution
		AINT2|Any CPU = AINT2|Any CPU
		Debug|Any CPU = Debug|Any CPU
		PROD|Any CPU = PROD|Any CPU
	EndGlobalSection
	GlobalSection(ProjectConfigurationPlatforms) = postSolution
		{8DB7C592-3D8C-4E52-A86F-2EFC506DD213}.AINT2|Any CPU.ActiveCfg = Release|Any CPU
		{8DB7C592-3D8C-4E52-A86F-2EFC506DD213}.AINT2|Any CPU.Build.0 = Release|Any CPU
		{8DB7C592-3D8C-4E52-A86F-2EFC506DD213}.Debug|Any CPU.ActiveCfg = Debug|Any CPU
		{8DB7C592-3D8C-4E52-A86F-2EFC506DD213}.Debug|Any CPU.Build.0 = Debug|Any CPU
		{8DB7C592-3D8C-4E52-A86F-2EFC506DD213}.PROD|Any CPU.ActiveCfg = Release|Any CPU
		{8DB7C592-3D8C-4E52-A86F-2EFC506DD213}.PROD|Any CPU.Build.0 = Release|Any CPU
		{1A9266A3-733F-4081-A857-748E08A1F881}.AINT2|Any CPU.ActiveCfg = AINT2|Any CPU
		{1A9266A3-733F-4081-A857-748E08A1F881}.AINT2|Any CPU.Build.0 = AINT2|Any CPU
		{1A9266A3-733F-4081-A857-748E08A1F881}.Debug|Any CPU.ActiveCfg = Debug|Any CPU
		{1A9266A3-733F-4081-A857-748E08A1F881}.Debug|Any CPU.Build.0 = Debug|Any CPU
		{1A9266A3-733F-4081-A857-748E08A1F881}.PROD|Any CPU.ActiveCfg = PROD|Any CPU
		{1A9266A3-733F-4081-A857-748E08A1F881}.PROD|Any CPU.Build.0 = PROD|Any CPU
		{54B13031-A56E-4387-8256-CAB2C8C4551C}.AINT2|Any CPU.ActiveCfg = Release|Any CPU
		{54B13031-A56E-4387-8256-CAB2C8C4551C}.AINT2|Any CPU.Build.0 = Release|Any CPU
		{54B13031-A56E-4387-8256-CAB2C8C4551C}.Debug|Any CPU.ActiveCfg = Debug|Any CPU
		{54B13031-A56E-4387-8256-CAB2C8C4551C}.Debug|Any CPU.Build.0 = Debug|Any CPU
		{54B13031-A56E-4387-8256-CAB2C8C4551C}.PROD|Any CPU.ActiveCfg = Release|Any CPU
		{54B13031-A56E-4387-8256-CAB2C8C4551C}.PROD|Any CPU.Build.0 = Release|Any CPU
		{1EBB68CE-00F7-4558-84CA-DDF7545D4525}.AINT2|Any CPU.ActiveCfg = AINT2|Any CPU
		{1EBB68CE-00F7-4558-84CA-DDF7545D4525}.AINT2|Any CPU.Build.0 = AINT2|Any CPU
		{1EBB68CE-00F7-4558-84CA-DDF7545D4525}.Debug|Any CPU.ActiveCfg = Debug|Any CPU
		{1EBB68CE-00F7-4558-84CA-DDF7545D4525}.Debug|Any CPU.Build.0 = Debug|Any CPU
		{1EBB68CE-00F7-4558-84CA-DDF7545D4525}.PROD|Any CPU.ActiveCfg = PROD|Any CPU
		{1EBB68CE-00F7-4558-84CA-DDF7545D4525}.PROD|Any CPU.Build.0 = PROD|Any CPU
		{9F272130-070C-4B5C-BEE5-C26097FD8D0B}.AINT2|Any CPU.ActiveCfg = AINT2|Any CPU
		{9F272130-070C-4B5C-BEE5-C26097FD8D0B}.AINT2|Any CPU.Build.0 = AINT2|Any CPU
		{9F272130-070C-4B5C-BEE5-C26097FD8D0B}.Debug|Any CPU.ActiveCfg = Debug|Any CPU
		{9F272130-070C-4B5C-BEE5-C26097FD8D0B}.Debug|Any CPU.Build.0 = Debug|Any CPU
		{9F272130-070C-4B5C-BEE5-C26097FD8D0B}.PROD|Any CPU.ActiveCfg = PROD|Any CPU
		{9F272130-070C-4B5C-BEE5-C26097FD8D0B}.PROD|Any CPU.Build.0 = PROD|Any CPU
	EndGlobalSection
	GlobalSection(SolutionProperties) = preSolution
		HideSolutionNode = FALSE
	EndGlobalSection
EndGlobal
