
Microsoft Visual Studio Solution File, Format Version 11.00
# Visual Studio 2010
Project("{FAE04EC0-301F-11D3-BF4B-00C04F79EFBC}") = "CNE.Scheduler", "CNE.Scheduler\CNE.Scheduler.csproj", "{878D83E9-0387-43BC-854F-B916F40729D0}"
EndProject
Project("{FAE04EC0-301F-11D3-BF4B-00C04F79EFBC}") = "CNEToolsEntities", "CNEToolsEntities\CNEToolsEntities.csproj", "{E94530EA-57D4-4F6E-A47A-8C8CB803BF62}"
EndProject
Project("{FAE04EC0-301F-11D3-BF4B-00C04F79EFBC}") = "DataSync", "DataSync\DataSync.csproj", "{1EBB68CE-00F7-4558-84CA-DDF7545D4525}"
EndProject
Project("{FAE04EC0-301F-11D3-BF4B-00C04F79EFBC}") = "DataSync.Setting", "DataSync.Setting\DataSync.Setting.csproj", "{9F272130-070C-4B5C-BEE5-C26097FD8D0B}"
EndProject
Project("{FAE04EC0-301F-11D3-BF4B-00C04F79EFBC}") = "VAV.Monitor", "VAV.Monitor\VAV.Monitor.csproj", "{8DB7C592-3D8C-4E52-A86F-2EFC506DD213}"
EndProject
Global
	GlobalSection(SolutionConfigurationPlatforms) = preSolution
		AINT2|Any CPU = AINT2|Any CPU
		Debug|Any CPU = Debug|Any CPU
		PPE|Any CPU = PPE|Any CPU
		PROD|Any CPU = PROD|Any CPU
		Release|Any CPU = Release|Any CPU
		VAV|Any CPU = VAV|Any CPU
	EndGlobalSection
	GlobalSection(ProjectConfigurationPlatforms) = postSolution
		{878D83E9-0387-43BC-854F-B916F40729D0}.AINT2|Any CPU.ActiveCfg = AINT2|Any CPU
		{878D83E9-0387-43BC-854F-B916F40729D0}.AINT2|Any CPU.Build.0 = AINT2|Any CPU
		{878D83E9-0387-43BC-854F-B916F40729D0}.Debug|Any CPU.ActiveCfg = Debug|Any CPU
		{878D83E9-0387-43BC-854F-B916F40729D0}.Debug|Any CPU.Build.0 = Debug|Any CPU
		{878D83E9-0387-43BC-854F-B916F40729D0}.PPE|Any CPU.ActiveCfg = Release|Any CPU
		{878D83E9-0387-43BC-854F-B916F40729D0}.PPE|Any CPU.Build.0 = Release|Any CPU
		{878D83E9-0387-43BC-854F-B916F40729D0}.PROD|Any CPU.ActiveCfg = PROD|Any CPU
		{878D83E9-0387-43BC-854F-B916F40729D0}.PROD|Any CPU.Build.0 = PROD|Any CPU
		{878D83E9-0387-43BC-854F-B916F40729D0}.Release|Any CPU.ActiveCfg = Release|Any CPU
		{878D83E9-0387-43BC-854F-B916F40729D0}.Release|Any CPU.Build.0 = Release|Any CPU
		{878D83E9-0387-43BC-854F-B916F40729D0}.VAV|Any CPU.ActiveCfg = Release|Any CPU
		{878D83E9-0387-43BC-854F-B916F40729D0}.VAV|Any CPU.Build.0 = Release|Any CPU
		{E94530EA-57D4-4F6E-A47A-8C8CB803BF62}.AINT2|Any CPU.ActiveCfg = Release|Any CPU
		{E94530EA-57D4-4F6E-A47A-8C8CB803BF62}.AINT2|Any CPU.Build.0 = Release|Any CPU
		{E94530EA-57D4-4F6E-A47A-8C8CB803BF62}.Debug|Any CPU.ActiveCfg = Debug|Any CPU
		{E94530EA-57D4-4F6E-A47A-8C8CB803BF62}.Debug|Any CPU.Build.0 = Debug|Any CPU
		{E94530EA-57D4-4F6E-A47A-8C8CB803BF62}.PPE|Any CPU.ActiveCfg = Release|Any CPU
		{E94530EA-57D4-4F6E-A47A-8C8CB803BF62}.PPE|Any CPU.Build.0 = Release|Any CPU
		{E94530EA-57D4-4F6E-A47A-8C8CB803BF62}.PROD|Any CPU.ActiveCfg = PROD|Any CPU
		{E94530EA-57D4-4F6E-A47A-8C8CB803BF62}.PROD|Any CPU.Build.0 = PROD|Any CPU
		{E94530EA-57D4-4F6E-A47A-8C8CB803BF62}.Release|Any CPU.ActiveCfg = Release|Any CPU
		{E94530EA-57D4-4F6E-A47A-8C8CB803BF62}.Release|Any CPU.Build.0 = Release|Any CPU
		{E94530EA-57D4-4F6E-A47A-8C8CB803BF62}.VAV|Any CPU.ActiveCfg = Release|Any CPU
		{E94530EA-57D4-4F6E-A47A-8C8CB803BF62}.VAV|Any CPU.Build.0 = Release|Any CPU
		{1EBB68CE-00F7-4558-84CA-DDF7545D4525}.AINT2|Any CPU.ActiveCfg = AINT2|Any CPU
		{1EBB68CE-00F7-4558-84CA-DDF7545D4525}.AINT2|Any CPU.Build.0 = AINT2|Any CPU
		{1EBB68CE-00F7-4558-84CA-DDF7545D4525}.Debug|Any CPU.ActiveCfg = Debug|Any CPU
		{1EBB68CE-00F7-4558-84CA-DDF7545D4525}.Debug|Any CPU.Build.0 = Debug|Any CPU
		{1EBB68CE-00F7-4558-84CA-DDF7545D4525}.PPE|Any CPU.ActiveCfg = PPE|Any CPU
		{1EBB68CE-00F7-4558-84CA-DDF7545D4525}.PPE|Any CPU.Build.0 = PPE|Any CPU
		{1EBB68CE-00F7-4558-84CA-DDF7545D4525}.PROD|Any CPU.ActiveCfg = PROD|Any CPU
		{1EBB68CE-00F7-4558-84CA-DDF7545D4525}.PROD|Any CPU.Build.0 = PROD|Any CPU
		{1EBB68CE-00F7-4558-84CA-DDF7545D4525}.Release|Any CPU.ActiveCfg = Release|Any CPU
		{1EBB68CE-00F7-4558-84CA-DDF7545D4525}.Release|Any CPU.Build.0 = Release|Any CPU
		{1EBB68CE-00F7-4558-84CA-DDF7545D4525}.VAV|Any CPU.ActiveCfg = VAV|Any CPU
		{1EBB68CE-00F7-4558-84CA-DDF7545D4525}.VAV|Any CPU.Build.0 = VAV|Any CPU
		{9F272130-070C-4B5C-BEE5-C26097FD8D0B}.AINT2|Any CPU.ActiveCfg = AINT2|Any CPU
		{9F272130-070C-4B5C-BEE5-C26097FD8D0B}.AINT2|Any CPU.Build.0 = AINT2|Any CPU
		{9F272130-070C-4B5C-BEE5-C26097FD8D0B}.Debug|Any CPU.ActiveCfg = Debug|Any CPU
		{9F272130-070C-4B5C-BEE5-C26097FD8D0B}.Debug|Any CPU.Build.0 = Debug|Any CPU
		{9F272130-070C-4B5C-BEE5-C26097FD8D0B}.PPE|Any CPU.ActiveCfg = PPE|Any CPU
		{9F272130-070C-4B5C-BEE5-C26097FD8D0B}.PPE|Any CPU.Build.0 = PPE|Any CPU
		{9F272130-070C-4B5C-BEE5-C26097FD8D0B}.PROD|Any CPU.ActiveCfg = PROD|Any CPU
		{9F272130-070C-4B5C-BEE5-C26097FD8D0B}.PROD|Any CPU.Build.0 = PROD|Any CPU
		{9F272130-070C-4B5C-BEE5-C26097FD8D0B}.Release|Any CPU.ActiveCfg = Release|Any CPU
		{9F272130-070C-4B5C-BEE5-C26097FD8D0B}.Release|Any CPU.Build.0 = Release|Any CPU
		{9F272130-070C-4B5C-BEE5-C26097FD8D0B}.VAV|Any CPU.ActiveCfg = VAV|Any CPU
		{9F272130-070C-4B5C-BEE5-C26097FD8D0B}.VAV|Any CPU.Build.0 = VAV|Any CPU
		{8DB7C592-3D8C-4E52-A86F-2EFC506DD213}.AINT2|Any CPU.ActiveCfg = Release|Any CPU
		{8DB7C592-3D8C-4E52-A86F-2EFC506DD213}.AINT2|Any CPU.Build.0 = Release|Any CPU
		{8DB7C592-3D8C-4E52-A86F-2EFC506DD213}.Debug|Any CPU.ActiveCfg = Debug|Any CPU
		{8DB7C592-3D8C-4E52-A86F-2EFC506DD213}.Debug|Any CPU.Build.0 = Debug|Any CPU
		{8DB7C592-3D8C-4E52-A86F-2EFC506DD213}.PPE|Any CPU.ActiveCfg = Release|Any CPU
		{8DB7C592-3D8C-4E52-A86F-2EFC506DD213}.PPE|Any CPU.Build.0 = Release|Any CPU
		{8DB7C592-3D8C-4E52-A86F-2EFC506DD213}.PROD|Any CPU.ActiveCfg = Release|Any CPU
		{8DB7C592-3D8C-4E52-A86F-2EFC506DD213}.PROD|Any CPU.Build.0 = Release|Any CPU
		{8DB7C592-3D8C-4E52-A86F-2EFC506DD213}.Release|Any CPU.ActiveCfg = Release|Any CPU
		{8DB7C592-3D8C-4E52-A86F-2EFC506DD213}.Release|Any CPU.Build.0 = Release|Any CPU
		{8DB7C592-3D8C-4E52-A86F-2EFC506DD213}.VAV|Any CPU.ActiveCfg = Release|Any CPU
		{8DB7C592-3D8C-4E52-A86F-2EFC506DD213}.VAV|Any CPU.Build.0 = Release|Any CPU
	EndGlobalSection
	GlobalSection(SolutionProperties) = preSolution
		HideSolutionNode = FALSE
	EndGlobalSection
EndGlobal
